
Microsoft Visual Studio Solution File, Format Version 12.00
# Visual Studio Version 16
VisualStudioVersion = 16.0.29709.97
MinimumVisualStudioVersion = 10.0.40219.1
Project("{FAE04EC0-301F-11D3-BF4B-00C04F79EFBC}") = "ClassLibrary1", "ClassLibrary1\ClassLibrary1.csproj", "{D4C5E772-4E65-4D7A-8FB8-DF8C46AA8ECF}"
EndProject
Global
	GlobalSection(SolutionConfigurationPlatforms) = preSolution
		Debug|Any CPU = Debug|Any CPU
		Release|Any CPU = Release|Any CPU
	EndGlobalSection
	GlobalSection(ProjectConfigurationPlatforms) = postSolution
		{D4C5E772-4E65-4D7A-8FB8-DF8C46AA8ECF}.Debug|Any CPU.ActiveCfg = Debug|Any CPU
		{D4C5E772-4E65-4D7A-8FB8-DF8C46AA8ECF}.Debug|Any CPU.Build.0 = Debug|Any CPU
		{D4C5E772-4E65-4D7A-8FB8-DF8C46AA8ECF}.Release|Any CPU.ActiveCfg = Release|Any CPU
		{D4C5E772-4E65-4D7A-8FB8-DF8C46AA8ECF}.Release|Any CPU.Build.0 = Release|Any CPU
	EndGlobalSection
	GlobalSection(SolutionProperties) = preSolution
		HideSolutionNode = FALSE
	EndGlobalSection
	GlobalSection(ExtensibilityGlobals) = postSolution
		SolutionGuid = {53CE521E-8446-4415-843C-46F61098801D}
	EndGlobalSection
EndGlobal
